// !$*UTF8*$!
{
	archiveVersion = 1;
	classes = {
	};
	objectVersion = 50;
	objects = {

/* Begin PBXBuildFile section */
		59A2741B269DA60F00AF57FC /* AppDelegate.swift in Sources */ = {isa = PBXBuildFile; fileRef = 59A2741A269DA60F00AF57FC /* AppDelegate.swift */; };
		59A2741D269DA60F00AF57FC /* SceneDelegate.swift in Sources */ = {isa = PBXBuildFile; fileRef = 59A2741C269DA60F00AF57FC /* SceneDelegate.swift */; };
		59A2741F269DA60F00AF57FC /* ViewController.swift in Sources */ = {isa = PBXBuildFile; fileRef = 59A2741E269DA60F00AF57FC /* ViewController.swift */; };
		59A27422269DA60F00AF57FC /* Main.storyboard in Resources */ = {isa = PBXBuildFile; fileRef = 59A27420269DA60F00AF57FC /* Main.storyboard */; };
		59A27424269DA61400AF57FC /* Assets.xcassets in Resources */ = {isa = PBXBuildFile; fileRef = 59A27423269DA61400AF57FC /* Assets.xcassets */; };
		59A27427269DA61400AF57FC /* LaunchScreen.storyboard in Resources */ = {isa = PBXBuildFile; fileRef = 59A27425269DA61400AF57FC /* LaunchScreen.storyboard */; };
		59A2742F269DA69700AF57FC /* PhotoSearchCollectionViewController.swift in Sources */ = {isa = PBXBuildFile; fileRef = 59A2742E269DA69700AF57FC /* PhotoSearchCollectionViewController.swift */; };
		59A27431269DACB600AF57FC /* PhotoCollectionViewCell.swift in Sources */ = {isa = PBXBuildFile; fileRef = 59A27430269DACB600AF57FC /* PhotoCollectionViewCell.swift */; };
/* End PBXBuildFile section */

/* Begin PBXFileReference section */
		59A27417269DA60F00AF57FC /* collectionView-Unsplash-API.app */ = {isa = PBXFileReference; explicitFileType = wrapper.application; includeInIndex = 0; path = "collectionView-Unsplash-API.app"; sourceTree = BUILT_PRODUCTS_DIR; };
		59A2741A269DA60F00AF57FC /* AppDelegate.swift */ = {isa = PBXFileReference; lastKnownFileType = sourcecode.swift; path = AppDelegate.swift; sourceTree = "<group>"; };
		59A2741C269DA60F00AF57FC /* SceneDelegate.swift */ = {isa = PBXFileReference; lastKnownFileType = sourcecode.swift; path = SceneDelegate.swift; sourceTree = "<group>"; };
		59A2741E269DA60F00AF57FC /* ViewController.swift */ = {isa = PBXFileReference; lastKnownFileType = sourcecode.swift; path = ViewController.swift; sourceTree = "<group>"; };
		59A27421269DA60F00AF57FC /* Base */ = {isa = PBXFileReference; lastKnownFileType = file.storyboard; name = Base; path = Base.lproj/Main.storyboard; sourceTree = "<group>"; };
		59A27423269DA61400AF57FC /* Assets.xcassets */ = {isa = PBXFileReference; lastKnownFileType = folder.assetcatalog; path = Assets.xcassets; sourceTree = "<group>"; };
		59A27426269DA61400AF57FC /* Base */ = {isa = PBXFileReference; lastKnownFileType = file.storyboard; name = Base; path = Base.lproj/LaunchScreen.storyboard; sourceTree = "<group>"; };
		59A27428269DA61400AF57FC /* Info.plist */ = {isa = PBXFileReference; lastKnownFileType = text.plist.xml; path = Info.plist; sourceTree = "<group>"; };
		59A2742E269DA69700AF57FC /* PhotoSearchCollectionViewController.swift */ = {isa = PBXFileReference; lastKnownFileType = sourcecode.swift; path = PhotoSearchCollectionViewController.swift; sourceTree = "<group>"; };
		59A27430269DACB600AF57FC /* PhotoCollectionViewCell.swift */ = {isa = PBXFileReference; lastKnownFileType = sourcecode.swift; path = PhotoCollectionViewCell.swift; sourceTree = "<group>"; };
/* End PBXFileReference section */

/* Begin PBXFrameworksBuildPhase section */
		59A27414269DA60F00AF57FC /* Frameworks */ = {
			isa = PBXFrameworksBuildPhase;
			buildActionMask = 2147483647;
			files = (
			);
			runOnlyForDeploymentPostprocessing = 0;
		};
/* End PBXFrameworksBuildPhase section */

/* Begin PBXGroup section */
		59A2740E269DA60F00AF57FC = {
			isa = PBXGroup;
			children = (
				59A27419269DA60F00AF57FC /* collectionView-Unsplash-API */,
				59A27418269DA60F00AF57FC /* Products */,
			);
			sourceTree = "<group>";
		};
		59A27418269DA60F00AF57FC /* Products */ = {
			isa = PBXGroup;
			children = (
				59A27417269DA60F00AF57FC /* collectionView-Unsplash-API.app */,
			);
			name = Products;
			sourceTree = "<group>";
		};
		59A27419269DA60F00AF57FC /* collectionView-Unsplash-API */ = {
			isa = PBXGroup;
			children = (
				59A2741A269DA60F00AF57FC /* AppDelegate.swift */,
				59A2741C269DA60F00AF57FC /* SceneDelegate.swift */,
				59A2741E269DA60F00AF57FC /* ViewController.swift */,
				59A2742E269DA69700AF57FC /* PhotoSearchCollectionViewController.swift */,
				59A27420269DA60F00AF57FC /* Main.storyboard */,
				59A27430269DACB600AF57FC /* PhotoCollectionViewCell.swift */,
				59A27423269DA61400AF57FC /* Assets.xcassets */,
				59A27425269DA61400AF57FC /* LaunchScreen.storyboard */,
				59A27428269DA61400AF57FC /* Info.plist */,
			);
			path = "collectionView-Unsplash-API";
			sourceTree = "<group>";
		};
/* End PBXGroup section */

/* Begin PBXNativeTarget section */
		59A27416269DA60F00AF57FC /* collectionView-Unsplash-API */ = {
			isa = PBXNativeTarget;
			buildConfigurationList = 59A2742B269DA61400AF57FC /* Build configuration list for PBXNativeTarget "collectionView-Unsplash-API" */;
			buildPhases = (
				59A27413269DA60F00AF57FC /* Sources */,
				59A27414269DA60F00AF57FC /* Frameworks */,
				59A27415269DA60F00AF57FC /* Resources */,
			);
			buildRules = (
			);
			dependencies = (
			);
			name = "collectionView-Unsplash-API";
			productName = "collectionView-Unsplash-API";
			productReference = 59A27417269DA60F00AF57FC /* collectionView-Unsplash-API.app */;
			productType = "com.apple.product-type.application";
		};
/* End PBXNativeTarget section */

/* Begin PBXProject section */
		59A2740F269DA60F00AF57FC /* Project object */ = {
			isa = PBXProject;
			attributes = {
				LastSwiftUpdateCheck = 1250;
				LastUpgradeCheck = 1250;
				TargetAttributes = {
					59A27416269DA60F00AF57FC = {
						CreatedOnToolsVersion = 12.5.1;
					};
				};
			};
			buildConfigurationList = 59A27412269DA60F00AF57FC /* Build configuration list for PBXProject "collectionView-Unsplash-API" */;
			compatibilityVersion = "Xcode 9.3";
			developmentRegion = en;
			hasScannedForEncodings = 0;
			knownRegions = (
				en,
				Base,
			);
			mainGroup = 59A2740E269DA60F00AF57FC;
			productRefGroup = 59A27418269DA60F00AF57FC /* Products */;
			projectDirPath = "";
			projectRoot = "";
			targets = (
				59A27416269DA60F00AF57FC /* collectionView-Unsplash-API */,
			);
		};
/* End PBXProject section */

/* Begin PBXResourcesBuildPhase section */
		59A27415269DA60F00AF57FC /* Resources */ = {
			isa = PBXResourcesBuildPhase;
			buildActionMask = 2147483647;
			files = (
				59A27427269DA61400AF57FC /* LaunchScreen.storyboard in Resources */,
				59A27424269DA61400AF57FC /* Assets.xcassets in Resources */,
				59A27422269DA60F00AF57FC /* Main.storyboard in Resources */,
			);
			runOnlyForDeploymentPostprocessing = 0;
		};
/* End PBXResourcesBuildPhase section */

/* Begin PBXSourcesBuildPhase section */
		59A27413269DA60F00AF57FC /* Sources */ = {
			isa = PBXSourcesBuildPhase;
			buildActionMask = 2147483647;
			files = (
				59A2741F269DA60F00AF57FC /* ViewController.swift in Sources */,
				59A27431269DACB600AF57FC /* PhotoCollectionViewCell.swift in Sources */,
				59A2741B269DA60F00AF57FC /* AppDelegate.swift in Sources */,
				59A2741D269DA60F00AF57FC /* SceneDelegate.swift in Sources */,
				59A2742F269DA69700AF57FC /* PhotoSearchCollectionViewController.swift in Sources */,
			);
			runOnlyForDeploymentPostprocessing = 0;
		};
/* End PBXSourcesBuildPhase section */

/* Begin PBXVariantGroup section */
		59A27420269DA60F00AF57FC /* Main.storyboard */ = {
			isa = PBXVariantGroup;
			children = (
				59A27421269DA60F00AF57FC /* Base */,
			);
			name = Main.storyboard;
			sourceTree = "<group>";
		};
		59A27425269DA61400AF57FC /* LaunchScreen.storyboard */ = {
			isa = PBXVariantGroup;
			children = (
				59A27426269DA61400AF57FC /* Base */,
			);
			name = LaunchScreen.storyboard;
			sourceTree = "<group>";
		};
/* End PBXVariantGroup section */

/* Begin XCBuildConfiguration section */
		59A27429269DA61400AF57FC /* Debug */ = {
			isa = XCBuildConfiguration;
			buildSettings = {
				ALWAYS_SEARCH_USER_PATHS = NO;
				CLANG_ANALYZER_NONNULL = YES;
				CLANG_ANALYZER_NUMBER_OBJECT_CONVERSION = YES_AGGRESSIVE;
				CLANG_CXX_LANGUAGE_STANDARD = "gnu++14";
				CLANG_CXX_LIBRARY = "libc++";
				CLANG_ENABLE_MODULES = YES;
				CLANG_ENABLE_OBJC_ARC = YES;
				CLANG_ENABLE_OBJC_WEAK = YES;
				CLANG_WARN_BLOCK_CAPTURE_AUTORELEASING = YES;
				CLANG_WARN_BOOL_CONVERSION = YES;
				CLANG_WARN_COMMA = YES;
				CLANG_WARN_CONSTANT_CONVERSION = YES;
				CLANG_WARN_DEPRECATED_OBJC_IMPLEMENTATIONS = YES;
				CLANG_WARN_DIRECT_OBJC_ISA_USAGE = YES_ERROR;
				CLANG_WARN_DOCUMENTATION_COMMENTS = YES;
				CLANG_WARN_EMPTY_BODY = YES;
				CLANG_WARN_ENUM_CONVERSION = YES;
				CLANG_WARN_INFINITE_RECURSION = YES;
				CLANG_WARN_INT_CONVERSION = YES;
				CLANG_WARN_NON_LITERAL_NULL_CONVERSION = YES;
				CLANG_WARN_OBJC_IMPLICIT_RETAIN_SELF = YES;
				CLANG_WARN_OBJC_LITERAL_CONVERSION = YES;
				CLANG_WARN_OBJC_ROOT_CLASS = YES_ERROR;
				CLANG_WARN_QUOTED_INCLUDE_IN_FRAMEWORK_HEADER = YES;
				CLANG_WARN_RANGE_LOOP_ANALYSIS = YES;
				CLANG_WARN_STRICT_PROTOTYPES = YES;
				CLANG_WARN_SUSPICIOUS_MOVE = YES;
				CLANG_WARN_UNGUARDED_AVAILABILITY = YES_AGGRESSIVE;
				CLANG_WARN_UNREACHABLE_CODE = YES;
				CLANG_WARN__DUPLICATE_METHOD_MATCH = YES;
				COPY_PHASE_STRIP = NO;
				DEBUG_INFORMATION_FORMAT = dwarf;
				ENABLE_STRICT_OBJC_MSGSEND = YES;
				ENABLE_TESTABILITY = YES;
				GCC_C_LANGUAGE_STANDARD = gnu11;
				GCC_DYNAMIC_NO_PIC = NO;
				GCC_NO_COMMON_BLOCKS = YES;
				GCC_OPTIMIZATION_LEVEL = 0;
				GCC_PREPROCESSOR_DEFINITIONS = (
					"DEBUG=1",
					"$(inherited)",
				);
				GCC_WARN_64_TO_32_BIT_CONVERSION = YES;
				GCC_WARN_ABOUT_RETURN_TYPE = YES_ERROR;
				GCC_WARN_UNDECLARED_SELECTOR = YES;
				GCC_WARN_UNINITIALIZED_AUTOS = YES_AGGRESSIVE;
				GCC_WARN_UNUSED_FUNCTION = YES;
				GCC_WARN_UNUSED_VARIABLE = YES;
				IPHONEOS_DEPLOYMENT_TARGET = 14.5;
				MTL_ENABLE_DEBUG_INFO = INCLUDE_SOURCE;
				MTL_FAST_MATH = YES;
				ONLY_ACTIVE_ARCH = YES;
				SDKROOT = iphoneos;
				SWIFT_ACTIVE_COMPILATION_CONDITIONS = DEBUG;
				SWIFT_OPTIMIZATION_LEVEL = "-Onone";
			};
			name = Debug;
		};
		59A2742A269DA61400AF57FC /* Release */ = {
			isa = XCBuildConfiguration;
			buildSettings = {
				ALWAYS_SEARCH_USER_PATHS = NO;
				CLANG_ANALYZER_NONNULL = YES;
				CLANG_ANALYZER_NUMBER_OBJECT_CONVERSION = YES_AGGRESSIVE;
				CLANG_CXX_LANGUAGE_STANDARD = "gnu++14";
				CLANG_CXX_LIBRARY = "libc++";
				CLANG_ENABLE_MODULES = YES;
				CLANG_ENABLE_OBJC_ARC = YES;
				CLANG_ENABLE_OBJC_WEAK = YES;
				CLANG_WARN_BLOCK_CAPTURE_AUTORELEASING = YES;
				CLANG_WARN_BOOL_CONVERSION = YES;
				CLANG_WARN_COMMA = YES;
				CLANG_WARN_CONSTANT_CONVERSION = YES;
				CLANG_WARN_DEPRECATED_OBJC_IMPLEMENTATIONS = YES;
				CLANG_WARN_DIRECT_OBJC_ISA_USAGE = YES_ERROR;
				CLANG_WARN_DOCUMENTATION_COMMENTS = YES;
				CLANG_WARN_EMPTY_BODY = YES;
				CLANG_WARN_ENUM_CONVERSION = YES;
				CLANG_WARN_INFINITE_RECURSION = YES;
				CLANG_WARN_INT_CONVERSION = YES;
				CLANG_WARN_NON_LITERAL_NULL_CONVERSION = YES;
				CLANG_WARN_OBJC_IMPLICIT_RETAIN_SELF = YES;
				CLANG_WARN_OBJC_LITERAL_CONVERSION = YES;
				CLANG_WARN_OBJC_ROOT_CLASS = YES_ERROR;
				CLANG_WARN_QUOTED_INCLUDE_IN_FRAMEWORK_HEADER = YES;
				CLANG_WARN_RANGE_LOOP_ANALYSIS = YES;
				CLANG_WARN_STRICT_PROTOTYPES = YES;
				CLANG_WARN_SUSPICIOUS_MOVE = YES;
				CLANG_WARN_UNGUARDED_AVAILABILITY = YES_AGGRESSIVE;
				CLANG_WARN_UNREACHABLE_CODE = YES;
				CLANG_WARN__DUPLICATE_METHOD_MATCH = YES;
				COPY_PHASE_STRIP = NO;
				DEBUG_INFORMATION_FORMAT = "dwarf-with-dsym";
				ENABLE_NS_ASSERTIONS = NO;
				ENABLE_STRICT_OBJC_MSGSEND = YES;
				GCC_C_LANGUAGE_STANDARD = gnu11;
				GCC_NO_COMMON_BLOCKS = YES;
				GCC_WARN_64_TO_32_BIT_CONVERSION = YES;
				GCC_WARN_ABOUT_RETURN_TYPE = YES_ERROR;
				GCC_WARN_UNDECLARED_SELECTOR = YES;
				GCC_WARN_UNINITIALIZED_AUTOS = YES_AGGRESSIVE;
				GCC_WARN_UNUSED_FUNCTION = YES;
				GCC_WARN_UNUSED_VARIABLE = YES;
				IPHONEOS_DEPLOYMENT_TARGET = 14.5;
				MTL_ENABLE_DEBUG_INFO = NO;
				MTL_FAST_MATH = YES;
				SDKROOT = iphoneos;
				SWIFT_COMPILATION_MODE = wholemodule;
				SWIFT_OPTIMIZATION_LEVEL = "-O";
				VALIDATE_PRODUCT = YES;
			};
			name = Release;
		};
		59A2742C269DA61400AF57FC /* Debug */ = {
			isa = XCBuildConfiguration;
			buildSettings = {
				ASSETCATALOG_COMPILER_APPICON_NAME = AppIcon;
				ASSETCATALOG_COMPILER_GLOBAL_ACCENT_COLOR_NAME = AccentColor;
				CODE_SIGN_STYLE = Automatic;
				DEVELOPMENT_TEAM = 24Q9VAYY3K;
				INFOPLIST_FILE = "collectionView-Unsplash-API/Info.plist";
				LD_RUNPATH_SEARCH_PATHS = (
					"$(inherited)",
					"@executable_path/Frameworks",
				);
				PRODUCT_BUNDLE_IDENTIFIER = "ike.com.collectionView-Unsplash-API";
				PRODUCT_NAME = "$(TARGET_NAME)";
				SWIFT_VERSION = 5.0;
				TARGETED_DEVICE_FAMILY = "1,2";
			};
			name = Debug;
		};
		59A2742D269DA61400AF57FC /* Release */ = {
			isa = XCBuildConfiguration;
			buildSettings = {
				ASSETCATALOG_COMPILER_APPICON_NAME = AppIcon;
				ASSETCATALOG_COMPILER_GLOBAL_ACCENT_COLOR_NAME = AccentColor;
				CODE_SIGN_STYLE = Automatic;
				DEVELOPMENT_TEAM = 24Q9VAYY3K;
				INFOPLIST_FILE = "collectionView-Unsplash-API/Info.plist";
				LD_RUNPATH_SEARCH_PATHS = (
					"$(inherited)",
					"@executable_path/Frameworks",
				);
				PRODUCT_BUNDLE_IDENTIFIER = "ike.com.collectionView-Unsplash-API";
				PRODUCT_NAME = "$(TARGET_NAME)";
				SWIFT_VERSION = 5.0;
				TARGETED_DEVICE_FAMILY = "1,2";
			};
			name = Release;
		};
/* End XCBuildConfiguration section */

/* Begin XCConfigurationList section */
		59A27412269DA60F00AF57FC /* Build configuration list for PBXProject "collectionView-Unsplash-API" */ = {
			isa = XCConfigurationList;
			buildConfigurations = (
				59A27429269DA61400AF57FC /* Debug */,
				59A2742A269DA61400AF57FC /* Release */,
			);
			defaultConfigurationIsVisible = 0;
			defaultConfigurationName = Release;
		};
		59A2742B269DA61400AF57FC /* Build configuration list for PBXNativeTarget "collectionView-Unsplash-API" */ = {
			isa = XCConfigurationList;
			buildConfigurations = (
				59A2742C269DA61400AF57FC /* Debug */,
				59A2742D269DA61400AF57FC /* Release */,
			);
			defaultConfigurationIsVisible = 0;
			defaultConfigurationName = Release;
		};
/* End XCConfigurationList section */
	};
	rootObject = 59A2740F269DA60F00AF57FC /* Project object */;
}
